// !$*UTF8*$!
{
	archiveVersion = 1;
	classes = {
	};
	objectVersion = 63;
	objects = {

/* Begin PBXBuildFile section */
		18053639D57CBDB3AE2A5C92 /* Pods_SleepSoundsApp.framework in Frameworks */ = {isa = PBXBuildFile; fileRef = E0B0BED4262C03E82A174740 /* Pods_SleepSoundsApp.framework */; };
		FA0822512CEE2FEE00386BE5 /* MenuRootView.swift in Sources */ = {isa = PBXBuildFile; fileRef = FA0822502CEE2FEE00386BE5 /* MenuRootView.swift */; };
		FA0822542CEE300600386BE5 /* MenuView.swift in Sources */ = {isa = PBXBuildFile; fileRef = FA0822532CEE300600386BE5 /* MenuView.swift */; };
		FA0822592CEE372A00386BE5 /* WebServiceAPI.swift in Sources */ = {isa = PBXBuildFile; fileRef = FA0822582CEE372A00386BE5 /* WebServiceAPI.swift */; };
		FA08225B2CEE373C00386BE5 /* ErrorResponse.swift in Sources */ = {isa = PBXBuildFile; fileRef = FA08225A2CEE373C00386BE5 /* ErrorResponse.swift */; };
		FA08225E2CEE972000386BE5 /* GetPaquetesResponse.swift in Sources */ = {isa = PBXBuildFile; fileRef = FA08225D2CEE972000386BE5 /* GetPaquetesResponse.swift */; };
		FA0822622CEEB2A600386BE5 /* Repository.swift in Sources */ = {isa = PBXBuildFile; fileRef = FA0822612CEEB2A600386BE5 /* Repository.swift */; };
		FA0822642CEEB3AE00386BE5 /* Paquete.swift in Sources */ = {isa = PBXBuildFile; fileRef = FA0822632CEEB3AE00386BE5 /* Paquete.swift */; };
		FA0822662CEEB7CF00386BE5 /* DiscoverViewModel.swift in Sources */ = {isa = PBXBuildFile; fileRef = FA0822652CEEB7CF00386BE5 /* DiscoverViewModel.swift */; };
		FA0822682CEEB8A700386BE5 /* DiscoverUiState.swift in Sources */ = {isa = PBXBuildFile; fileRef = FA0822672CEEB8A700386BE5 /* DiscoverUiState.swift */; };
		FA08226B2CEEC71300386BE5 /* PaqueteCardComponente.swift in Sources */ = {isa = PBXBuildFile; fileRef = FA08226A2CEEC71300386BE5 /* PaqueteCardComponente.swift */; };
		FA08226D2CEED52700386BE5 /* CategoriaDiscover.swift in Sources */ = {isa = PBXBuildFile; fileRef = FA08226C2CEED52700386BE5 /* CategoriaDiscover.swift */; };
		FA1B3AB52CECD9E700E4A997 /* Preview Assets.xcassets in Resources */ = {isa = PBXBuildFile; fileRef = FA1B3AAF2CECD9E700E4A997 /* Preview Assets.xcassets */; };
		FA1B3AB62CECD9E700E4A997 /* Assets.xcassets in Resources */ = {isa = PBXBuildFile; fileRef = FA1B3AB12CECD9E700E4A997 /* Assets.xcassets */; };
		FA1B3AB82CECD9E700E4A997 /* SleepSoundsAppApp.swift in Sources */ = {isa = PBXBuildFile; fileRef = FA1B3AB32CECD9E700E4A997 /* SleepSoundsAppApp.swift */; };
		FA1B3ABE2CECDE4100E4A997 /* SplashView.swift in Sources */ = {isa = PBXBuildFile; fileRef = FA1B3ABD2CECDE4100E4A997 /* SplashView.swift */; };
		FA4692882CF6173200BD1DDB /* ComposerView.swift in Sources */ = {isa = PBXBuildFile; fileRef = FA4692872CF6173200BD1DDB /* ComposerView.swift */; };
		FA46928B2CF61A2B00BD1DDB /* ProfileView.swift in Sources */ = {isa = PBXBuildFile; fileRef = FA46928A2CF61A2B00BD1DDB /* ProfileView.swift */; };
		FA46928E2CF620F000BD1DDB /* GetDetallePaqueteResponse.swift in Sources */ = {isa = PBXBuildFile; fileRef = FA46928D2CF620F000BD1DDB /* GetDetallePaqueteResponse.swift */; };
		FA4692902CF623BE00BD1DDB /* GetMusicaResponse.swift in Sources */ = {isa = PBXBuildFile; fileRef = FA46928F2CF623BE00BD1DDB /* GetMusicaResponse.swift */; };
		FA4692922CF6247200BD1DDB /* GetDestacadoResponse.swift in Sources */ = {isa = PBXBuildFile; fileRef = FA4692912CF6247200BD1DDB /* GetDestacadoResponse.swift */; };
		FA4692942CF628AE00BD1DDB /* Detalle.swift in Sources */ = {isa = PBXBuildFile; fileRef = FA4692932CF628AE00BD1DDB /* Detalle.swift */; };
		FA4692962CF628E500BD1DDB /* Musica.swift in Sources */ = {isa = PBXBuildFile; fileRef = FA4692952CF628E500BD1DDB /* Musica.swift */; };
		FA4692982CF6290C00BD1DDB /* Destacado.swift in Sources */ = {isa = PBXBuildFile; fileRef = FA4692972CF6290C00BD1DDB /* Destacado.swift */; };
		FA46929A2CF62C9E00BD1DDB /* DetalleDePaqueteView.swift in Sources */ = {isa = PBXBuildFile; fileRef = FA4692992CF62C9E00BD1DDB /* DetalleDePaqueteView.swift */; };
		FA46929C2CF62CCF00BD1DDB /* DetalleDePaqueteViewModel.swift in Sources */ = {isa = PBXBuildFile; fileRef = FA46929B2CF62CCF00BD1DDB /* DetalleDePaqueteViewModel.swift */; };
		FA46929E2CF62D1000BD1DDB /* DetalleDePqueteUiState.swift in Sources */ = {isa = PBXBuildFile; fileRef = FA46929D2CF62D1000BD1DDB /* DetalleDePqueteUiState.swift */; };
		FA5DD8F72CF7629F0081886D /* MoodYDreamsComponent.swift in Sources */ = {isa = PBXBuildFile; fileRef = FA5DD8F62CF7629F0081886D /* MoodYDreamsComponent.swift */; };
		FA5DD8FA2CF765290081886D /* ModalDetallePaqueteView.swift in Sources */ = {isa = PBXBuildFile; fileRef = FA5DD8F92CF765290081886D /* ModalDetallePaqueteView.swift */; };
		FA5DD8FD2CF7665A0081886D /* SheetModifier.swift in Sources */ = {isa = PBXBuildFile; fileRef = FA5DD8FC2CF7665A0081886D /* SheetModifier.swift */; };
		FA5DD8FF2CF784B60081886D /* DetalleDePaqueteViewiOS16.swift in Sources */ = {isa = PBXBuildFile; fileRef = FA5DD8FE2CF784B60081886D /* DetalleDePaqueteViewiOS16.swift */; };
		FA5DD9012CF7854F0081886D /* DetalleDePaqueteViewiOS15.swift in Sources */ = {isa = PBXBuildFile; fileRef = FA5DD9002CF7854F0081886D /* DetalleDePaqueteViewiOS15.swift */; };
		FA8D9BF52CF8BE8200C00C04 /* ButonCapsulePlayAndStartComponent.swift in Sources */ = {isa = PBXBuildFile; fileRef = FA8D9BF42CF8BE8200C00C04 /* ButonCapsulePlayAndStartComponent.swift */; };
		FA8D9BF72CF92DBA00C00C04 /* CardMusicComponent.swift in Sources */ = {isa = PBXBuildFile; fileRef = FA8D9BF62CF92DBA00C00C04 /* CardMusicComponent.swift */; };
		FA8D9BF92CF9410B00C00C04 /* DestacadoListComponent.swift in Sources */ = {isa = PBXBuildFile; fileRef = FA8D9BF82CF9410B00C00C04 /* DestacadoListComponent.swift */; };
		FA8D9BFC2CF944A600C00C04 /* SleepPlayerView.swift in Sources */ = {isa = PBXBuildFile; fileRef = FA8D9BFB2CF944A600C00C04 /* SleepPlayerView.swift */; };
		FA8D9C002CF95A4800C00C04 /* SheetFullModifier.swift in Sources */ = {isa = PBXBuildFile; fileRef = FA8D9BFF2CF95A4800C00C04 /* SheetFullModifier.swift */; };
		FA8FADA52CFA37A600D4B745 /* MusicMediaPlayer.swift in Sources */ = {isa = PBXBuildFile; fileRef = FA8FADA42CFA37A600D4B745 /* MusicMediaPlayer.swift */; };
		FA8FADA72CFA390B00D4B745 /* SleepPlayerViewModel.swift in Sources */ = {isa = PBXBuildFile; fileRef = FA8FADA62CFA390B00D4B745 /* SleepPlayerViewModel.swift */; };
		FA91F8722CECE9710004AC6D /* AppRootManager.swift in Sources */ = {isa = PBXBuildFile; fileRef = FA91F8712CECE9710004AC6D /* AppRootManager.swift */; };
		FA91F8762CECEBA50004AC6D /* NavigationModifier.swift in Sources */ = {isa = PBXBuildFile; fileRef = FA91F8752CECEBA50004AC6D /* NavigationModifier.swift */; };
		FA91F8782CECEC400004AC6D /* View+Extension.swift in Sources */ = {isa = PBXBuildFile; fileRef = FA91F8772CECEC400004AC6D /* View+Extension.swift */; };
		FA91F87C2CECECFD0004AC6D /* SplashRootView.swift in Sources */ = {isa = PBXBuildFile; fileRef = FA91F87B2CECECFD0004AC6D /* SplashRootView.swift */; };
		FA91F87E2CECED650004AC6D /* SliderRootView.swift in Sources */ = {isa = PBXBuildFile; fileRef = FA91F87D2CECED650004AC6D /* SliderRootView.swift */; };
		FA91F8812CECEF5B0004AC6D /* SliderView.swift in Sources */ = {isa = PBXBuildFile; fileRef = FA91F8802CECEF5B0004AC6D /* SliderView.swift */; };
		FA91F88D2CED343C0004AC6D /* SF-Pro-Rounded-Regular.otf in Resources */ = {isa = PBXBuildFile; fileRef = FA91F8892CED343C0004AC6D /* SF-Pro-Rounded-Regular.otf */; };
		FA91F88E2CED343C0004AC6D /* SF-Pro-Rounded-Black.otf in Resources */ = {isa = PBXBuildFile; fileRef = FA91F8842CED343C0004AC6D /* SF-Pro-Rounded-Black.otf */; };
		FA91F88F2CED343C0004AC6D /* SF-Pro-Rounded-Bold.otf in Resources */ = {isa = PBXBuildFile; fileRef = FA91F8852CED343C0004AC6D /* SF-Pro-Rounded-Bold.otf */; };
		FA91F8902CED343C0004AC6D /* SF-Pro-Rounded-Light.otf in Resources */ = {isa = PBXBuildFile; fileRef = FA91F8872CED343C0004AC6D /* SF-Pro-Rounded-Light.otf */; };
		FA91F8912CED343C0004AC6D /* SF-Pro-Rounded-Ultralight.otf in Resources */ = {isa = PBXBuildFile; fileRef = FA91F88C2CED343C0004AC6D /* SF-Pro-Rounded-Ultralight.otf */; };
		FA91F8922CED343C0004AC6D /* SF-Pro-Rounded-Medium.otf in Resources */ = {isa = PBXBuildFile; fileRef = FA91F8882CED343C0004AC6D /* SF-Pro-Rounded-Medium.otf */; };
		FA91F8932CED343C0004AC6D /* SF-Pro-Rounded-Heavy.otf in Resources */ = {isa = PBXBuildFile; fileRef = FA91F8862CED343C0004AC6D /* SF-Pro-Rounded-Heavy.otf */; };
		FA91F8942CED343C0004AC6D /* SF-Pro-Rounded-Semibold.otf in Resources */ = {isa = PBXBuildFile; fileRef = FA91F88A2CED343C0004AC6D /* SF-Pro-Rounded-Semibold.otf */; };
		FA91F8952CED343C0004AC6D /* SF-Pro-Rounded-Thin.otf in Resources */ = {isa = PBXBuildFile; fileRef = FA91F88B2CED343C0004AC6D /* SF-Pro-Rounded-Thin.otf */; };
		FA91F8992CED55560004AC6D /* DiscoverView.swift in Sources */ = {isa = PBXBuildFile; fileRef = FA91F8982CED55560004AC6D /* DiscoverView.swift */; };
		FA91F89C2CED62FE0004AC6D /* CustomTabIndicator.swift in Sources */ = {isa = PBXBuildFile; fileRef = FA91F89B2CED62FE0004AC6D /* CustomTabIndicator.swift */; };
		FAA5FAD22D022845001B3702 /* SharedViewModelMusica.swift in Sources */ = {isa = PBXBuildFile; fileRef = FAA5FAD12D022845001B3702 /* SharedViewModelMusica.swift */; };
/* End PBXBuildFile section */

/* Begin PBXFileReference section */
		B455259E57626F986E264F70 /* Pods-SleepSoundsApp.release.xcconfig */ = {isa = PBXFileReference; includeInIndex = 1; lastKnownFileType = text.xcconfig; name = "Pods-SleepSoundsApp.release.xcconfig"; path = "Target Support Files/Pods-SleepSoundsApp/Pods-SleepSoundsApp.release.xcconfig"; sourceTree = "<group>"; };
		E0B0BED4262C03E82A174740 /* Pods_SleepSoundsApp.framework */ = {isa = PBXFileReference; explicitFileType = wrapper.framework; includeInIndex = 0; path = Pods_SleepSoundsApp.framework; sourceTree = BUILT_PRODUCTS_DIR; };
		EA89122658D739161EFD7644 /* Pods-SleepSoundsApp.debug.xcconfig */ = {isa = PBXFileReference; includeInIndex = 1; lastKnownFileType = text.xcconfig; name = "Pods-SleepSoundsApp.debug.xcconfig"; path = "Target Support Files/Pods-SleepSoundsApp/Pods-SleepSoundsApp.debug.xcconfig"; sourceTree = "<group>"; };
		FA0822502CEE2FEE00386BE5 /* MenuRootView.swift */ = {isa = PBXFileReference; lastKnownFileType = sourcecode.swift; path = MenuRootView.swift; sourceTree = "<group>"; };
		FA0822532CEE300600386BE5 /* MenuView.swift */ = {isa = PBXFileReference; lastKnownFileType = sourcecode.swift; path = MenuView.swift; sourceTree = "<group>"; };
		FA0822582CEE372A00386BE5 /* WebServiceAPI.swift */ = {isa = PBXFileReference; lastKnownFileType = sourcecode.swift; path = WebServiceAPI.swift; sourceTree = "<group>"; };
		FA08225A2CEE373C00386BE5 /* ErrorResponse.swift */ = {isa = PBXFileReference; lastKnownFileType = sourcecode.swift; path = ErrorResponse.swift; sourceTree = "<group>"; };
		FA08225D2CEE972000386BE5 /* GetPaquetesResponse.swift */ = {isa = PBXFileReference; lastKnownFileType = sourcecode.swift; path = GetPaquetesResponse.swift; sourceTree = "<group>"; };
		FA0822612CEEB2A600386BE5 /* Repository.swift */ = {isa = PBXFileReference; lastKnownFileType = sourcecode.swift; path = Repository.swift; sourceTree = "<group>"; };
		FA0822632CEEB3AE00386BE5 /* Paquete.swift */ = {isa = PBXFileReference; lastKnownFileType = sourcecode.swift; path = Paquete.swift; sourceTree = "<group>"; };
		FA0822652CEEB7CF00386BE5 /* DiscoverViewModel.swift */ = {isa = PBXFileReference; lastKnownFileType = sourcecode.swift; path = DiscoverViewModel.swift; sourceTree = "<group>"; };
		FA0822672CEEB8A700386BE5 /* DiscoverUiState.swift */ = {isa = PBXFileReference; lastKnownFileType = sourcecode.swift; path = DiscoverUiState.swift; sourceTree = "<group>"; };
		FA08226A2CEEC71300386BE5 /* PaqueteCardComponente.swift */ = {isa = PBXFileReference; lastKnownFileType = sourcecode.swift; path = PaqueteCardComponente.swift; sourceTree = "<group>"; };
		FA08226C2CEED52700386BE5 /* CategoriaDiscover.swift */ = {isa = PBXFileReference; lastKnownFileType = sourcecode.swift; path = CategoriaDiscover.swift; sourceTree = "<group>"; };
		FA1B3AAF2CECD9E700E4A997 /* Preview Assets.xcassets */ = {isa = PBXFileReference; lastKnownFileType = folder.assetcatalog; path = "Preview Assets.xcassets"; sourceTree = "<group>"; };
		FA1B3AB12CECD9E700E4A997 /* Assets.xcassets */ = {isa = PBXFileReference; lastKnownFileType = folder.assetcatalog; path = Assets.xcassets; sourceTree = "<group>"; };
		FA1B3AB32CECD9E700E4A997 /* SleepSoundsAppApp.swift */ = {isa = PBXFileReference; lastKnownFileType = sourcecode.swift; path = SleepSoundsAppApp.swift; sourceTree = "<group>"; };
		FA1B3AB92CECDBF100E4A997 /* .gitignore */ = {isa = PBXFileReference; lastKnownFileType = text; path = .gitignore; sourceTree = "<group>"; };
		FA1B3ABD2CECDE4100E4A997 /* SplashView.swift */ = {isa = PBXFileReference; lastKnownFileType = sourcecode.swift; path = SplashView.swift; sourceTree = "<group>"; };
		FA4692872CF6173200BD1DDB /* ComposerView.swift */ = {isa = PBXFileReference; lastKnownFileType = sourcecode.swift; path = ComposerView.swift; sourceTree = "<group>"; };
		FA46928A2CF61A2B00BD1DDB /* ProfileView.swift */ = {isa = PBXFileReference; lastKnownFileType = sourcecode.swift; path = ProfileView.swift; sourceTree = "<group>"; };
		FA46928D2CF620F000BD1DDB /* GetDetallePaqueteResponse.swift */ = {isa = PBXFileReference; lastKnownFileType = sourcecode.swift; path = GetDetallePaqueteResponse.swift; sourceTree = "<group>"; };
		FA46928F2CF623BE00BD1DDB /* GetMusicaResponse.swift */ = {isa = PBXFileReference; lastKnownFileType = sourcecode.swift; path = GetMusicaResponse.swift; sourceTree = "<group>"; };
		FA4692912CF6247200BD1DDB /* GetDestacadoResponse.swift */ = {isa = PBXFileReference; lastKnownFileType = sourcecode.swift; path = GetDestacadoResponse.swift; sourceTree = "<group>"; };
		FA4692932CF628AE00BD1DDB /* Detalle.swift */ = {isa = PBXFileReference; lastKnownFileType = sourcecode.swift; path = Detalle.swift; sourceTree = "<group>"; };
		FA4692952CF628E500BD1DDB /* Musica.swift */ = {isa = PBXFileReference; lastKnownFileType = sourcecode.swift; path = Musica.swift; sourceTree = "<group>"; };
		FA4692972CF6290C00BD1DDB /* Destacado.swift */ = {isa = PBXFileReference; lastKnownFileType = sourcecode.swift; path = Destacado.swift; sourceTree = "<group>"; };
		FA4692992CF62C9E00BD1DDB /* DetalleDePaqueteView.swift */ = {isa = PBXFileReference; lastKnownFileType = sourcecode.swift; path = DetalleDePaqueteView.swift; sourceTree = "<group>"; };
		FA46929B2CF62CCF00BD1DDB /* DetalleDePaqueteViewModel.swift */ = {isa = PBXFileReference; lastKnownFileType = sourcecode.swift; path = DetalleDePaqueteViewModel.swift; sourceTree = "<group>"; };
		FA46929D2CF62D1000BD1DDB /* DetalleDePqueteUiState.swift */ = {isa = PBXFileReference; lastKnownFileType = sourcecode.swift; path = DetalleDePqueteUiState.swift; sourceTree = "<group>"; };
		FA5DD8F62CF7629F0081886D /* MoodYDreamsComponent.swift */ = {isa = PBXFileReference; lastKnownFileType = sourcecode.swift; path = MoodYDreamsComponent.swift; sourceTree = "<group>"; };
		FA5DD8F92CF765290081886D /* ModalDetallePaqueteView.swift */ = {isa = PBXFileReference; lastKnownFileType = sourcecode.swift; path = ModalDetallePaqueteView.swift; sourceTree = "<group>"; };
		FA5DD8FC2CF7665A0081886D /* SheetModifier.swift */ = {isa = PBXFileReference; lastKnownFileType = sourcecode.swift; path = SheetModifier.swift; sourceTree = "<group>"; };
		FA5DD8FE2CF784B60081886D /* DetalleDePaqueteViewiOS16.swift */ = {isa = PBXFileReference; lastKnownFileType = sourcecode.swift; path = DetalleDePaqueteViewiOS16.swift; sourceTree = "<group>"; };
		FA5DD9002CF7854F0081886D /* DetalleDePaqueteViewiOS15.swift */ = {isa = PBXFileReference; lastKnownFileType = sourcecode.swift; path = DetalleDePaqueteViewiOS15.swift; sourceTree = "<group>"; };
		FA8D9BF42CF8BE8200C00C04 /* ButonCapsulePlayAndStartComponent.swift */ = {isa = PBXFileReference; lastKnownFileType = sourcecode.swift; path = ButonCapsulePlayAndStartComponent.swift; sourceTree = "<group>"; };
		FA8D9BF62CF92DBA00C00C04 /* CardMusicComponent.swift */ = {isa = PBXFileReference; lastKnownFileType = sourcecode.swift; path = CardMusicComponent.swift; sourceTree = "<group>"; };
		FA8D9BF82CF9410B00C00C04 /* DestacadoListComponent.swift */ = {isa = PBXFileReference; lastKnownFileType = sourcecode.swift; path = DestacadoListComponent.swift; sourceTree = "<group>"; };
		FA8D9BFB2CF944A600C00C04 /* SleepPlayerView.swift */ = {isa = PBXFileReference; lastKnownFileType = sourcecode.swift; path = SleepPlayerView.swift; sourceTree = "<group>"; };
		FA8D9BFF2CF95A4800C00C04 /* SheetFullModifier.swift */ = {isa = PBXFileReference; lastKnownFileType = sourcecode.swift; path = SheetFullModifier.swift; sourceTree = "<group>"; };
		FA8FADA42CFA37A600D4B745 /* MusicMediaPlayer.swift */ = {isa = PBXFileReference; lastKnownFileType = sourcecode.swift; path = MusicMediaPlayer.swift; sourceTree = "<group>"; };
		FA8FADA62CFA390B00D4B745 /* SleepPlayerViewModel.swift */ = {isa = PBXFileReference; lastKnownFileType = sourcecode.swift; path = SleepPlayerViewModel.swift; sourceTree = "<group>"; };
		FA91F8712CECE9710004AC6D /* AppRootManager.swift */ = {isa = PBXFileReference; lastKnownFileType = sourcecode.swift; path = AppRootManager.swift; sourceTree = "<group>"; };
		FA91F8752CECEBA50004AC6D /* NavigationModifier.swift */ = {isa = PBXFileReference; lastKnownFileType = sourcecode.swift; path = NavigationModifier.swift; sourceTree = "<group>"; };
		FA91F8772CECEC400004AC6D /* View+Extension.swift */ = {isa = PBXFileReference; lastKnownFileType = sourcecode.swift; path = "View+Extension.swift"; sourceTree = "<group>"; };
		FA91F87B2CECECFD0004AC6D /* SplashRootView.swift */ = {isa = PBXFileReference; lastKnownFileType = sourcecode.swift; path = SplashRootView.swift; sourceTree = "<group>"; };
		FA91F87D2CECED650004AC6D /* SliderRootView.swift */ = {isa = PBXFileReference; lastKnownFileType = sourcecode.swift; path = SliderRootView.swift; sourceTree = "<group>"; };
		FA91F8802CECEF5B0004AC6D /* SliderView.swift */ = {isa = PBXFileReference; lastKnownFileType = sourcecode.swift; path = SliderView.swift; sourceTree = "<group>"; };
		FA91F8842CED343C0004AC6D /* SF-Pro-Rounded-Black.otf */ = {isa = PBXFileReference; lastKnownFileType = file; path = "SF-Pro-Rounded-Black.otf"; sourceTree = "<group>"; };
		FA91F8852CED343C0004AC6D /* SF-Pro-Rounded-Bold.otf */ = {isa = PBXFileReference; lastKnownFileType = file; path = "SF-Pro-Rounded-Bold.otf"; sourceTree = "<group>"; };
		FA91F8862CED343C0004AC6D /* SF-Pro-Rounded-Heavy.otf */ = {isa = PBXFileReference; lastKnownFileType = file; path = "SF-Pro-Rounded-Heavy.otf"; sourceTree = "<group>"; };
		FA91F8872CED343C0004AC6D /* SF-Pro-Rounded-Light.otf */ = {isa = PBXFileReference; lastKnownFileType = file; path = "SF-Pro-Rounded-Light.otf"; sourceTree = "<group>"; };
		FA91F8882CED343C0004AC6D /* SF-Pro-Rounded-Medium.otf */ = {isa = PBXFileReference; lastKnownFileType = file; path = "SF-Pro-Rounded-Medium.otf"; sourceTree = "<group>"; };
		FA91F8892CED343C0004AC6D /* SF-Pro-Rounded-Regular.otf */ = {isa = PBXFileReference; lastKnownFileType = file; path = "SF-Pro-Rounded-Regular.otf"; sourceTree = "<group>"; };
		FA91F88A2CED343C0004AC6D /* SF-Pro-Rounded-Semibold.otf */ = {isa = PBXFileReference; lastKnownFileType = file; path = "SF-Pro-Rounded-Semibold.otf"; sourceTree = "<group>"; };
		FA91F88B2CED343C0004AC6D /* SF-Pro-Rounded-Thin.otf */ = {isa = PBXFileReference; lastKnownFileType = file; path = "SF-Pro-Rounded-Thin.otf"; sourceTree = "<group>"; };
		FA91F88C2CED343C0004AC6D /* SF-Pro-Rounded-Ultralight.otf */ = {isa = PBXFileReference; lastKnownFileType = file; path = "SF-Pro-Rounded-Ultralight.otf"; sourceTree = "<group>"; };
		FA91F8962CED34F00004AC6D /* Info.plist */ = {isa = PBXFileReference; lastKnownFileType = text.plist.xml; path = Info.plist; sourceTree = "<group>"; };
		FA91F8982CED55560004AC6D /* DiscoverView.swift */ = {isa = PBXFileReference; lastKnownFileType = sourcecode.swift; path = DiscoverView.swift; sourceTree = "<group>"; };
		FA91F89B2CED62FE0004AC6D /* CustomTabIndicator.swift */ = {isa = PBXFileReference; lastKnownFileType = sourcecode.swift; path = CustomTabIndicator.swift; sourceTree = "<group>"; };
		FAA5FAD12D022845001B3702 /* SharedViewModelMusica.swift */ = {isa = PBXFileReference; lastKnownFileType = sourcecode.swift; path = SharedViewModelMusica.swift; sourceTree = "<group>"; };
		FAC7A0D12CEC18EC008ECFDE /* SleepSoundsApp.app */ = {isa = PBXFileReference; explicitFileType = wrapper.application; includeInIndex = 0; path = SleepSoundsApp.app; sourceTree = BUILT_PRODUCTS_DIR; };
/* End PBXFileReference section */

/* Begin PBXFrameworksBuildPhase section */
		FAC7A0CE2CEC18EC008ECFDE /* Frameworks */ = {
			isa = PBXFrameworksBuildPhase;
			buildActionMask = 2147483647;
			files = (
				18053639D57CBDB3AE2A5C92 /* Pods_SleepSoundsApp.framework in Frameworks */,
			);
			runOnlyForDeploymentPostprocessing = 0;
		};
/* End PBXFrameworksBuildPhase section */

/* Begin PBXGroup section */
		7C775ABACA4724E7AE1F4CAA /* Pods */ = {
			isa = PBXGroup;
			children = (
				EA89122658D739161EFD7644 /* Pods-SleepSoundsApp.debug.xcconfig */,
				B455259E57626F986E264F70 /* Pods-SleepSoundsApp.release.xcconfig */,
			);
			path = Pods;
			sourceTree = "<group>";
		};
		C5616DC7355CF2EEE974F81A /* Frameworks */ = {
			isa = PBXGroup;
			children = (
				E0B0BED4262C03E82A174740 /* Pods_SleepSoundsApp.framework */,
			);
			name = Frameworks;
			sourceTree = "<group>";
		};
		FA0822522CEE2FF900386BE5 /* Menu */ = {
			isa = PBXGroup;
			children = (
				FA0822532CEE300600386BE5 /* MenuView.swift */,
			);
			path = Menu;
			sourceTree = "<group>";
		};
		FA0822552CEE36A300386BE5 /* Data */ = {
			isa = PBXGroup;
			children = (
				FA08225C2CEE96B100386BE5 /* Response */,
				FA0822572CEE370300386BE5 /* WebService */,
			);
			path = Data;
			sourceTree = "<group>";
		};
		FA0822562CEE36AA00386BE5 /* Domain */ = {
			isa = PBXGroup;
			children = (
				FA0822602CEEB28F00386BE5 /* Modelo */,
				FA08225F2CEEB28100386BE5 /* Repository */,
			);
			path = Domain;
			sourceTree = "<group>";
		};
		FA0822572CEE370300386BE5 /* WebService */ = {
			isa = PBXGroup;
			children = (
				FA0822582CEE372A00386BE5 /* WebServiceAPI.swift */,
				FA08225A2CEE373C00386BE5 /* ErrorResponse.swift */,
			);
			path = WebService;
			sourceTree = "<group>";
		};
		FA08225C2CEE96B100386BE5 /* Response */ = {
			isa = PBXGroup;
			children = (
				FA08225D2CEE972000386BE5 /* GetPaquetesResponse.swift */,
				FA46928D2CF620F000BD1DDB /* GetDetallePaqueteResponse.swift */,
				FA46928F2CF623BE00BD1DDB /* GetMusicaResponse.swift */,
				FA4692912CF6247200BD1DDB /* GetDestacadoResponse.swift */,
			);
			path = Response;
			sourceTree = "<group>";
		};
		FA08225F2CEEB28100386BE5 /* Repository */ = {
			isa = PBXGroup;
			children = (
				FA0822612CEEB2A600386BE5 /* Repository.swift */,
			);
			path = Repository;
			sourceTree = "<group>";
		};
		FA0822602CEEB28F00386BE5 /* Modelo */ = {
			isa = PBXGroup;
			children = (
				FA0822632CEEB3AE00386BE5 /* Paquete.swift */,
				FA4692932CF628AE00BD1DDB /* Detalle.swift */,
				FA4692952CF628E500BD1DDB /* Musica.swift */,
				FA4692972CF6290C00BD1DDB /* Destacado.swift */,
			);
			path = Modelo;
			sourceTree = "<group>";
		};
		FA0822692CEEC6E400386BE5 /* Componente */ = {
			isa = PBXGroup;
			children = (
				FA08226A2CEEC71300386BE5 /* PaqueteCardComponente.swift */,
				FA08226C2CEED52700386BE5 /* CategoriaDiscover.swift */,
			);
			path = Componente;
			sourceTree = "<group>";
		};
		FA1B3AB02CECD9E700E4A997 /* Preview Content */ = {
			isa = PBXGroup;
			children = (
				FA1B3AAF2CECD9E700E4A997 /* Preview Assets.xcassets */,
			);
			path = "Preview Content";
			sourceTree = "<group>";
		};
		FA1B3AB42CECD9E700E4A997 /* SleepSoundsApp */ = {
			isa = PBXGroup;
			children = (
				FA1B3ABA2CECDC8600E4A997 /* App */,
				FA91F8962CED34F00004AC6D /* Info.plist */,
				FA91F8822CED336F0004AC6D /* Resources */,
				FA1B3ABB2CECDDA900E4A997 /* Presentation */,
				FA0822562CEE36AA00386BE5 /* Domain */,
				FA0822552CEE36A300386BE5 /* Data */,
				FA1B3AB02CECD9E700E4A997 /* Preview Content */,
				FA1B3ABF2CECDEC800E4A997 /* Assets */,
			);
			path = SleepSoundsApp;
			sourceTree = "<group>";
		};
		FA1B3ABA2CECDC8600E4A997 /* App */ = {
			isa = PBXGroup;
			children = (
				FA1B3AB32CECD9E700E4A997 /* SleepSoundsAppApp.swift */,
				FA91F8702CECE9210004AC6D /* Root */,
				FA91F8742CECEB870004AC6D /* Navegacion */,
				FAA5FAD12D022845001B3702 /* SharedViewModelMusica.swift */,
			);
			path = App;
			sourceTree = "<group>";
		};
		FA1B3ABB2CECDDA900E4A997 /* Presentation */ = {
			isa = PBXGroup;
			children = (
				FA8D9BFA2CF9440000C00C04 /* SleepPlayer */,
				FA0822522CEE2FF900386BE5 /* Menu */,
				FA4692862CF6171800BD1DDB /* Composer */,
				FA4692892CF61A1900BD1DDB /* Profile */,
				FA46928C2CF61F5200BD1DDB /* DetallePaquete */,
				FA91F8972CED55460004AC6D /* Discover */,
				FA91F87F2CECEF450004AC6D /* Slider */,
				FA1B3ABC2CECDDBE00E4A997 /* Splash */,
			);
			path = Presentation;
			sourceTree = "<group>";
		};
		FA1B3ABC2CECDDBE00E4A997 /* Splash */ = {
			isa = PBXGroup;
			children = (
				FA1B3ABD2CECDE4100E4A997 /* SplashView.swift */,
			);
			path = Splash;
			sourceTree = "<group>";
		};
		FA1B3ABF2CECDEC800E4A997 /* Assets */ = {
			isa = PBXGroup;
			children = (
				FA1B3AB12CECD9E700E4A997 /* Assets.xcassets */,
			);
			path = Assets;
			sourceTree = "<group>";
		};
		FA4692862CF6171800BD1DDB /* Composer */ = {
			isa = PBXGroup;
			children = (
				FA4692872CF6173200BD1DDB /* ComposerView.swift */,
			);
			path = Composer;
			sourceTree = "<group>";
		};
		FA4692892CF61A1900BD1DDB /* Profile */ = {
			isa = PBXGroup;
			children = (
				FA46928A2CF61A2B00BD1DDB /* ProfileView.swift */,
			);
			path = Profile;
			sourceTree = "<group>";
		};
		FA46928C2CF61F5200BD1DDB /* DetallePaquete */ = {
			isa = PBXGroup;
			children = (
				FA5DD8F52CF7623E0081886D /* Componente */,
				FA5DD8F92CF765290081886D /* ModalDetallePaqueteView.swift */,
				FA4692992CF62C9E00BD1DDB /* DetalleDePaqueteView.swift */,
				FA46929B2CF62CCF00BD1DDB /* DetalleDePaqueteViewModel.swift */,
				FA46929D2CF62D1000BD1DDB /* DetalleDePqueteUiState.swift */,
			);
			path = DetallePaquete;
			sourceTree = "<group>";
		};
		FA5DD8F52CF7623E0081886D /* Componente */ = {
			isa = PBXGroup;
			children = (
				FA5DD8F62CF7629F0081886D /* MoodYDreamsComponent.swift */,
				FA5DD8FE2CF784B60081886D /* DetalleDePaqueteViewiOS16.swift */,
				FA5DD9002CF7854F0081886D /* DetalleDePaqueteViewiOS15.swift */,
				FA8D9BF42CF8BE8200C00C04 /* ButonCapsulePlayAndStartComponent.swift */,
				FA8D9BF62CF92DBA00C00C04 /* CardMusicComponent.swift */,
				FA8D9BF82CF9410B00C00C04 /* DestacadoListComponent.swift */,
			);
			path = Componente;
			sourceTree = "<group>";
		};
		FA8D9BFA2CF9440000C00C04 /* SleepPlayer */ = {
			isa = PBXGroup;
			children = (
				FA8D9BFB2CF944A600C00C04 /* SleepPlayerView.swift */,
				FA8FADA42CFA37A600D4B745 /* MusicMediaPlayer.swift */,
				FA8FADA62CFA390B00D4B745 /* SleepPlayerViewModel.swift */,
			);
			path = SleepPlayer;
			sourceTree = "<group>";
		};
		FA91F8702CECE9210004AC6D /* Root */ = {
			isa = PBXGroup;
			children = (
				FA91F8712CECE9710004AC6D /* AppRootManager.swift */,
				FA91F8732CECE9810004AC6D /* RootViews */,
			);
			path = Root;
			sourceTree = "<group>";
		};
		FA91F8732CECE9810004AC6D /* RootViews */ = {
			isa = PBXGroup;
			children = (
				FA91F87B2CECECFD0004AC6D /* SplashRootView.swift */,
				FA91F87D2CECED650004AC6D /* SliderRootView.swift */,
				FA0822502CEE2FEE00386BE5 /* MenuRootView.swift */,
			);
			path = RootViews;
			sourceTree = "<group>";
		};
		FA91F8742CECEB870004AC6D /* Navegacion */ = {
			isa = PBXGroup;
			children = (
				FA91F8752CECEBA50004AC6D /* NavigationModifier.swift */,
				FA5DD8FC2CF7665A0081886D /* SheetModifier.swift */,
				FA91F8772CECEC400004AC6D /* View+Extension.swift */,
				FA8D9BFF2CF95A4800C00C04 /* SheetFullModifier.swift */,
			);
			path = Navegacion;
			sourceTree = "<group>";
		};
		FA91F87F2CECEF450004AC6D /* Slider */ = {
			isa = PBXGroup;
			children = (
				FA91F89A2CED62C40004AC6D /* Componente */,
				FA91F8802CECEF5B0004AC6D /* SliderView.swift */,
			);
			path = Slider;
			sourceTree = "<group>";
		};
		FA91F8822CED336F0004AC6D /* Resources */ = {
			isa = PBXGroup;
			children = (
				FA91F8832CED337F0004AC6D /* Fonts */,
			);
			path = Resources;
			sourceTree = "<group>";
		};
		FA91F8832CED337F0004AC6D /* Fonts */ = {
			isa = PBXGroup;
			children = (
				FA91F8842CED343C0004AC6D /* SF-Pro-Rounded-Black.otf */,
				FA91F8852CED343C0004AC6D /* SF-Pro-Rounded-Bold.otf */,
				FA91F8862CED343C0004AC6D /* SF-Pro-Rounded-Heavy.otf */,
				FA91F8872CED343C0004AC6D /* SF-Pro-Rounded-Light.otf */,
				FA91F8882CED343C0004AC6D /* SF-Pro-Rounded-Medium.otf */,
				FA91F8892CED343C0004AC6D /* SF-Pro-Rounded-Regular.otf */,
				FA91F88A2CED343C0004AC6D /* SF-Pro-Rounded-Semibold.otf */,
				FA91F88B2CED343C0004AC6D /* SF-Pro-Rounded-Thin.otf */,
				FA91F88C2CED343C0004AC6D /* SF-Pro-Rounded-Ultralight.otf */,
			);
			path = Fonts;
			sourceTree = "<group>";
		};
		FA91F8972CED55460004AC6D /* Discover */ = {
			isa = PBXGroup;
			children = (
				FA0822692CEEC6E400386BE5 /* Componente */,
				FA91F8982CED55560004AC6D /* DiscoverView.swift */,
				FA0822652CEEB7CF00386BE5 /* DiscoverViewModel.swift */,
				FA0822672CEEB8A700386BE5 /* DiscoverUiState.swift */,
			);
			path = Discover;
			sourceTree = "<group>";
		};
		FA91F89A2CED62C40004AC6D /* Componente */ = {
			isa = PBXGroup;
			children = (
				FA91F89B2CED62FE0004AC6D /* CustomTabIndicator.swift */,
			);
			path = Componente;
			sourceTree = "<group>";
		};
		FAC7A0C82CEC18EC008ECFDE = {
			isa = PBXGroup;
			children = (
				FA1B3AB42CECD9E700E4A997 /* SleepSoundsApp */,
				FA1B3AB92CECDBF100E4A997 /* .gitignore */,
				FAC7A0D22CEC18EC008ECFDE /* Products */,
				7C775ABACA4724E7AE1F4CAA /* Pods */,
				C5616DC7355CF2EEE974F81A /* Frameworks */,
			);
			sourceTree = "<group>";
		};
		FAC7A0D22CEC18EC008ECFDE /* Products */ = {
			isa = PBXGroup;
			children = (
				FAC7A0D12CEC18EC008ECFDE /* SleepSoundsApp.app */,
			);
			name = Products;
			sourceTree = "<group>";
		};
/* End PBXGroup section */

/* Begin PBXNativeTarget section */
		FAC7A0D02CEC18EC008ECFDE /* SleepSoundsApp */ = {
			isa = PBXNativeTarget;
			buildConfigurationList = FAC7A0DF2CEC18ED008ECFDE /* Build configuration list for PBXNativeTarget "SleepSoundsApp" */;
			buildPhases = (
				50E9944A6134321CCE8852F1 /* [CP] Check Pods Manifest.lock */,
				FAC7A0CD2CEC18EC008ECFDE /* Sources */,
				FAC7A0CE2CEC18EC008ECFDE /* Frameworks */,
				FAC7A0CF2CEC18EC008ECFDE /* Resources */,
				EAADFB9E4CC1094AC509ADD0 /* [CP] Embed Pods Frameworks */,
			);
			buildRules = (
			);
			dependencies = (
			);
			name = SleepSoundsApp;
			productName = SleepSoundsApp;
			productReference = FAC7A0D12CEC18EC008ECFDE /* SleepSoundsApp.app */;
			productType = "com.apple.product-type.application";
		};
/* End PBXNativeTarget section */

/* Begin PBXProject section */
		FAC7A0C92CEC18EC008ECFDE /* Project object */ = {
			isa = PBXProject;
			attributes = {
				BuildIndependentTargetsInParallel = 1;
				LastSwiftUpdateCheck = 1600;
				LastUpgradeCheck = 1600;
				TargetAttributes = {
					FAC7A0D02CEC18EC008ECFDE = {
						CreatedOnToolsVersion = 16.0;
					};
				};
			};
			buildConfigurationList = FAC7A0CC2CEC18EC008ECFDE /* Build configuration list for PBXProject "SleepSoundsApp" */;
			compatibilityVersion = "Xcode 15.0";
			developmentRegion = en;
			hasScannedForEncodings = 0;
			knownRegions = (
				en,
				Base,
			);
			mainGroup = FAC7A0C82CEC18EC008ECFDE;
			minimizedProjectReferenceProxies = 1;
			productRefGroup = FAC7A0D22CEC18EC008ECFDE /* Products */;
			projectDirPath = "";
			projectRoot = "";
			targets = (
				FAC7A0D02CEC18EC008ECFDE /* SleepSoundsApp */,
			);
		};
/* End PBXProject section */

/* Begin PBXResourcesBuildPhase section */
		FAC7A0CF2CEC18EC008ECFDE /* Resources */ = {
			isa = PBXResourcesBuildPhase;
			buildActionMask = 2147483647;
			files = (
				FA91F88D2CED343C0004AC6D /* SF-Pro-Rounded-Regular.otf in Resources */,
				FA91F88E2CED343C0004AC6D /* SF-Pro-Rounded-Black.otf in Resources */,
				FA91F88F2CED343C0004AC6D /* SF-Pro-Rounded-Bold.otf in Resources */,
				FA91F8902CED343C0004AC6D /* SF-Pro-Rounded-Light.otf in Resources */,
				FA91F8912CED343C0004AC6D /* SF-Pro-Rounded-Ultralight.otf in Resources */,
				FA91F8922CED343C0004AC6D /* SF-Pro-Rounded-Medium.otf in Resources */,
				FA91F8932CED343C0004AC6D /* SF-Pro-Rounded-Heavy.otf in Resources */,
				FA91F8942CED343C0004AC6D /* SF-Pro-Rounded-Semibold.otf in Resources */,
				FA91F8952CED343C0004AC6D /* SF-Pro-Rounded-Thin.otf in Resources */,
				FA1B3AB52CECD9E700E4A997 /* Preview Assets.xcassets in Resources */,
				FA1B3AB62CECD9E700E4A997 /* Assets.xcassets in Resources */,
			);
			runOnlyForDeploymentPostprocessing = 0;
		};
/* End PBXResourcesBuildPhase section */

/* Begin PBXShellScriptBuildPhase section */
		50E9944A6134321CCE8852F1 /* [CP] Check Pods Manifest.lock */ = {
			isa = PBXShellScriptBuildPhase;
			buildActionMask = 2147483647;
			files = (
			);
			inputFileListPaths = (
			);
			inputPaths = (
				"${PODS_PODFILE_DIR_PATH}/Podfile.lock",
				"${PODS_ROOT}/Manifest.lock",
			);
			name = "[CP] Check Pods Manifest.lock";
			outputFileListPaths = (
			);
			outputPaths = (
				"$(DERIVED_FILE_DIR)/Pods-SleepSoundsApp-checkManifestLockResult.txt",
			);
			runOnlyForDeploymentPostprocessing = 0;
			shellPath = /bin/sh;
			shellScript = "diff \"${PODS_PODFILE_DIR_PATH}/Podfile.lock\" \"${PODS_ROOT}/Manifest.lock\" > /dev/null\nif [ $? != 0 ] ; then\n    # print error to STDERR\n    echo \"error: The sandbox is not in sync with the Podfile.lock. Run 'pod install' or update your CocoaPods installation.\" >&2\n    exit 1\nfi\n# This output is used by Xcode 'outputs' to avoid re-running this script phase.\necho \"SUCCESS\" > \"${SCRIPT_OUTPUT_FILE_0}\"\n";
			showEnvVarsInLog = 0;
		};
		EAADFB9E4CC1094AC509ADD0 /* [CP] Embed Pods Frameworks */ = {
			isa = PBXShellScriptBuildPhase;
			buildActionMask = 2147483647;
			files = (
			);
			inputFileListPaths = (
				"${PODS_ROOT}/Target Support Files/Pods-SleepSoundsApp/Pods-SleepSoundsApp-frameworks-${CONFIGURATION}-input-files.xcfilelist",
			);
			name = "[CP] Embed Pods Frameworks";
			outputFileListPaths = (
				"${PODS_ROOT}/Target Support Files/Pods-SleepSoundsApp/Pods-SleepSoundsApp-frameworks-${CONFIGURATION}-output-files.xcfilelist",
			);
			runOnlyForDeploymentPostprocessing = 0;
			shellPath = /bin/sh;
			shellScript = "\"${PODS_ROOT}/Target Support Files/Pods-SleepSoundsApp/Pods-SleepSoundsApp-frameworks.sh\"\n";
			showEnvVarsInLog = 0;
		};
/* End PBXShellScriptBuildPhase section */

/* Begin PBXSourcesBuildPhase section */
		FAC7A0CD2CEC18EC008ECFDE /* Sources */ = {
			isa = PBXSourcesBuildPhase;
			buildActionMask = 2147483647;
			files = (
				FA8D9BFC2CF944A600C00C04 /* SleepPlayerView.swift in Sources */,
				FA0822682CEEB8A700386BE5 /* DiscoverUiState.swift in Sources */,
				FA08226B2CEEC71300386BE5 /* PaqueteCardComponente.swift in Sources */,
				FA1B3AB82CECD9E700E4A997 /* SleepSoundsAppApp.swift in Sources */,
				FA5DD8F72CF7629F0081886D /* MoodYDreamsComponent.swift in Sources */,
				FA5DD8FF2CF784B60081886D /* DetalleDePaqueteViewiOS16.swift in Sources */,
				FA0822542CEE300600386BE5 /* MenuView.swift in Sources */,
				FA5DD8FD2CF7665A0081886D /* SheetModifier.swift in Sources */,
				FA91F8812CECEF5B0004AC6D /* SliderView.swift in Sources */,
				FA0822662CEEB7CF00386BE5 /* DiscoverViewModel.swift in Sources */,
				FA1B3ABE2CECDE4100E4A997 /* SplashView.swift in Sources */,
				FA08225E2CEE972000386BE5 /* GetPaquetesResponse.swift in Sources */,
				FA0822512CEE2FEE00386BE5 /* MenuRootView.swift in Sources */,
				FA4692962CF628E500BD1DDB /* Musica.swift in Sources */,
				FA91F87E2CECED650004AC6D /* SliderRootView.swift in Sources */,
				FA46928E2CF620F000BD1DDB /* GetDetallePaqueteResponse.swift in Sources */,
				FA5DD9012CF7854F0081886D /* DetalleDePaqueteViewiOS15.swift in Sources */,
				FA4692982CF6290C00BD1DDB /* Destacado.swift in Sources */,
				FA8FADA52CFA37A600D4B745 /* MusicMediaPlayer.swift in Sources */,
				FA0822642CEEB3AE00386BE5 /* Paquete.swift in Sources */,
				FA8D9C002CF95A4800C00C04 /* SheetFullModifier.swift in Sources */,
				FA46929E2CF62D1000BD1DDB /* DetalleDePqueteUiState.swift in Sources */,
				FA91F8782CECEC400004AC6D /* View+Extension.swift in Sources */,
				FA0822592CEE372A00386BE5 /* WebServiceAPI.swift in Sources */,
				FA4692922CF6247200BD1DDB /* GetDestacadoResponse.swift in Sources */,
				FA8D9BF92CF9410B00C00C04 /* DestacadoListComponent.swift in Sources */,
				FA4692942CF628AE00BD1DDB /* Detalle.swift in Sources */,
				FA8FADA72CFA390B00D4B745 /* SleepPlayerViewModel.swift in Sources */,
				FA91F8992CED55560004AC6D /* DiscoverView.swift in Sources */,
				FA4692902CF623BE00BD1DDB /* GetMusicaResponse.swift in Sources */,
				FA08226D2CEED52700386BE5 /* CategoriaDiscover.swift in Sources */,
				FA8D9BF72CF92DBA00C00C04 /* CardMusicComponent.swift in Sources */,
				FA91F89C2CED62FE0004AC6D /* CustomTabIndicator.swift in Sources */,
				FAA5FAD22D022845001B3702 /* SharedViewModelMusica.swift in Sources */,
				FA4692882CF6173200BD1DDB /* ComposerView.swift in Sources */,
				FA46928B2CF61A2B00BD1DDB /* ProfileView.swift in Sources */,
				FA5DD8FA2CF765290081886D /* ModalDetallePaqueteView.swift in Sources */,
				FA0822622CEEB2A600386BE5 /* Repository.swift in Sources */,
				FA46929A2CF62C9E00BD1DDB /* DetalleDePaqueteView.swift in Sources */,
				FA91F8762CECEBA50004AC6D /* NavigationModifier.swift in Sources */,
				FA8D9BF52CF8BE8200C00C04 /* ButonCapsulePlayAndStartComponent.swift in Sources */,
				FA91F8722CECE9710004AC6D /* AppRootManager.swift in Sources */,
				FA91F87C2CECECFD0004AC6D /* SplashRootView.swift in Sources */,
				FA08225B2CEE373C00386BE5 /* ErrorResponse.swift in Sources */,
				FA46929C2CF62CCF00BD1DDB /* DetalleDePaqueteViewModel.swift in Sources */,
			);
			runOnlyForDeploymentPostprocessing = 0;
		};
/* End PBXSourcesBuildPhase section */

/* Begin XCBuildConfiguration section */
		FAC7A0DD2CEC18ED008ECFDE /* Debug */ = {
			isa = XCBuildConfiguration;
			buildSettings = {
				ALWAYS_SEARCH_USER_PATHS = NO;
				ASSETCATALOG_COMPILER_GENERATE_SWIFT_ASSET_SYMBOL_EXTENSIONS = YES;
				CLANG_ANALYZER_NONNULL = YES;
				CLANG_ANALYZER_NUMBER_OBJECT_CONVERSION = YES_AGGRESSIVE;
				CLANG_CXX_LANGUAGE_STANDARD = "gnu++20";
				CLANG_ENABLE_MODULES = YES;
				CLANG_ENABLE_OBJC_ARC = YES;
				CLANG_ENABLE_OBJC_WEAK = YES;
				CLANG_WARN_BLOCK_CAPTURE_AUTORELEASING = YES;
				CLANG_WARN_BOOL_CONVERSION = YES;
				CLANG_WARN_COMMA = YES;
				CLANG_WARN_CONSTANT_CONVERSION = YES;
				CLANG_WARN_DEPRECATED_OBJC_IMPLEMENTATIONS = YES;
				CLANG_WARN_DIRECT_OBJC_ISA_USAGE = YES_ERROR;
				CLANG_WARN_DOCUMENTATION_COMMENTS = YES;
				CLANG_WARN_EMPTY_BODY = YES;
				CLANG_WARN_ENUM_CONVERSION = YES;
				CLANG_WARN_INFINITE_RECURSION = YES;
				CLANG_WARN_INT_CONVERSION = YES;
				CLANG_WARN_NON_LITERAL_NULL_CONVERSION = YES;
				CLANG_WARN_OBJC_IMPLICIT_RETAIN_SELF = YES;
				CLANG_WARN_OBJC_LITERAL_CONVERSION = YES;
				CLANG_WARN_OBJC_ROOT_CLASS = YES_ERROR;
				CLANG_WARN_QUOTED_INCLUDE_IN_FRAMEWORK_HEADER = YES;
				CLANG_WARN_RANGE_LOOP_ANALYSIS = YES;
				CLANG_WARN_STRICT_PROTOTYPES = YES;
				CLANG_WARN_SUSPICIOUS_MOVE = YES;
				CLANG_WARN_UNGUARDED_AVAILABILITY = YES_AGGRESSIVE;
				CLANG_WARN_UNREACHABLE_CODE = YES;
				CLANG_WARN__DUPLICATE_METHOD_MATCH = YES;
				COPY_PHASE_STRIP = NO;
				DEBUG_INFORMATION_FORMAT = dwarf;
				ENABLE_STRICT_OBJC_MSGSEND = YES;
				ENABLE_TESTABILITY = YES;
				ENABLE_USER_SCRIPT_SANDBOXING = YES;
				GCC_C_LANGUAGE_STANDARD = gnu17;
				GCC_DYNAMIC_NO_PIC = NO;
				GCC_NO_COMMON_BLOCKS = YES;
				GCC_OPTIMIZATION_LEVEL = 0;
				GCC_PREPROCESSOR_DEFINITIONS = (
					"DEBUG=1",
					"$(inherited)",
				);
				GCC_WARN_64_TO_32_BIT_CONVERSION = YES;
				GCC_WARN_ABOUT_RETURN_TYPE = YES_ERROR;
				GCC_WARN_UNDECLARED_SELECTOR = YES;
				GCC_WARN_UNINITIALIZED_AUTOS = YES_AGGRESSIVE;
				GCC_WARN_UNUSED_FUNCTION = YES;
				GCC_WARN_UNUSED_VARIABLE = YES;
				IPHONEOS_DEPLOYMENT_TARGET = 18.0;
				LOCALIZATION_PREFERS_STRING_CATALOGS = YES;
				MTL_ENABLE_DEBUG_INFO = INCLUDE_SOURCE;
				MTL_FAST_MATH = YES;
				ONLY_ACTIVE_ARCH = YES;
				SDKROOT = iphoneos;
				SWIFT_ACTIVE_COMPILATION_CONDITIONS = "DEBUG $(inherited)";
				SWIFT_OPTIMIZATION_LEVEL = "-Onone";
			};
			name = Debug;
		};
		FAC7A0DE2CEC18ED008ECFDE /* Release */ = {
			isa = XCBuildConfiguration;
			buildSettings = {
				ALWAYS_SEARCH_USER_PATHS = NO;
				ASSETCATALOG_COMPILER_GENERATE_SWIFT_ASSET_SYMBOL_EXTENSIONS = YES;
				CLANG_ANALYZER_NONNULL = YES;
				CLANG_ANALYZER_NUMBER_OBJECT_CONVERSION = YES_AGGRESSIVE;
				CLANG_CXX_LANGUAGE_STANDARD = "gnu++20";
				CLANG_ENABLE_MODULES = YES;
				CLANG_ENABLE_OBJC_ARC = YES;
				CLANG_ENABLE_OBJC_WEAK = YES;
				CLANG_WARN_BLOCK_CAPTURE_AUTORELEASING = YES;
				CLANG_WARN_BOOL_CONVERSION = YES;
				CLANG_WARN_COMMA = YES;
				CLANG_WARN_CONSTANT_CONVERSION = YES;
				CLANG_WARN_DEPRECATED_OBJC_IMPLEMENTATIONS = YES;
				CLANG_WARN_DIRECT_OBJC_ISA_USAGE = YES_ERROR;
				CLANG_WARN_DOCUMENTATION_COMMENTS = YES;
				CLANG_WARN_EMPTY_BODY = YES;
				CLANG_WARN_ENUM_CONVERSION = YES;
				CLANG_WARN_INFINITE_RECURSION = YES;
				CLANG_WARN_INT_CONVERSION = YES;
				CLANG_WARN_NON_LITERAL_NULL_CONVERSION = YES;
				CLANG_WARN_OBJC_IMPLICIT_RETAIN_SELF = YES;
				CLANG_WARN_OBJC_LITERAL_CONVERSION = YES;
				CLANG_WARN_OBJC_ROOT_CLASS = YES_ERROR;
				CLANG_WARN_QUOTED_INCLUDE_IN_FRAMEWORK_HEADER = YES;
				CLANG_WARN_RANGE_LOOP_ANALYSIS = YES;
				CLANG_WARN_STRICT_PROTOTYPES = YES;
				CLANG_WARN_SUSPICIOUS_MOVE = YES;
				CLANG_WARN_UNGUARDED_AVAILABILITY = YES_AGGRESSIVE;
				CLANG_WARN_UNREACHABLE_CODE = YES;
				CLANG_WARN__DUPLICATE_METHOD_MATCH = YES;
				COPY_PHASE_STRIP = NO;
				DEBUG_INFORMATION_FORMAT = "dwarf-with-dsym";
				ENABLE_NS_ASSERTIONS = NO;
				ENABLE_STRICT_OBJC_MSGSEND = YES;
				ENABLE_USER_SCRIPT_SANDBOXING = YES;
				GCC_C_LANGUAGE_STANDARD = gnu17;
				GCC_NO_COMMON_BLOCKS = YES;
				GCC_WARN_64_TO_32_BIT_CONVERSION = YES;
				GCC_WARN_ABOUT_RETURN_TYPE = YES_ERROR;
				GCC_WARN_UNDECLARED_SELECTOR = YES;
				GCC_WARN_UNINITIALIZED_AUTOS = YES_AGGRESSIVE;
				GCC_WARN_UNUSED_FUNCTION = YES;
				GCC_WARN_UNUSED_VARIABLE = YES;
				IPHONEOS_DEPLOYMENT_TARGET = 18.0;
				LOCALIZATION_PREFERS_STRING_CATALOGS = YES;
				MTL_ENABLE_DEBUG_INFO = NO;
				MTL_FAST_MATH = YES;
				SDKROOT = iphoneos;
				SWIFT_COMPILATION_MODE = wholemodule;
				VALIDATE_PRODUCT = YES;
			};
			name = Release;
		};
		FAC7A0E02CEC18ED008ECFDE /* Debug */ = {
			isa = XCBuildConfiguration;
			baseConfigurationReference = EA89122658D739161EFD7644 /* Pods-SleepSoundsApp.debug.xcconfig */;
			buildSettings = {
				ASSETCATALOG_COMPILER_APPICON_NAME = AppIcon;
				ASSETCATALOG_COMPILER_GLOBAL_ACCENT_COLOR_NAME = AccentColor;
				CODE_SIGN_STYLE = Automatic;
				CURRENT_PROJECT_VERSION = 1;
				DEVELOPMENT_ASSET_PATHS = "\"SleepSoundsApp/Preview Content\"";
				ENABLE_PREVIEWS = YES;
				ENABLE_USER_SCRIPT_SANDBOXING = NO;
				GENERATE_INFOPLIST_FILE = YES;
				INFOPLIST_FILE = SleepSoundsApp/Info.plist;
				INFOPLIST_KEY_LSApplicationCategoryType = "";
				INFOPLIST_KEY_UIApplicationSceneManifest_Generation = YES;
				INFOPLIST_KEY_UIApplicationSupportsIndirectInputEvents = YES;
				INFOPLIST_KEY_UILaunchScreen_Generation = YES;
				INFOPLIST_KEY_UISupportedInterfaceOrientations_iPad = "UIInterfaceOrientationPortrait UIInterfaceOrientationPortraitUpsideDown UIInterfaceOrientationLandscapeLeft UIInterfaceOrientationLandscapeRight";
				INFOPLIST_KEY_UISupportedInterfaceOrientations_iPhone = "UIInterfaceOrientationPortrait UIInterfaceOrientationLandscapeLeft UIInterfaceOrientationLandscapeRight";
				IPHONEOS_DEPLOYMENT_TARGET = 15.0;
				LD_RUNPATH_SEARCH_PATHS = (
					"$(inherited)",
					"@executable_path/Frameworks",
				);
				MARKETING_VERSION = 1.0;
				PRODUCT_BUNDLE_IDENTIFIER = com.ronaldo123.SleepSoundsApp;
				PRODUCT_NAME = "$(TARGET_NAME)";
				SUPPORTED_PLATFORMS = "iphoneos iphonesimulator";
				SUPPORTS_MACCATALYST = NO;
				SUPPORTS_MAC_DESIGNED_FOR_IPHONE_IPAD = NO;
				SUPPORTS_XR_DESIGNED_FOR_IPHONE_IPAD = NO;
				SWIFT_EMIT_LOC_STRINGS = YES;
				SWIFT_VERSION = 5.0;
				TARGETED_DEVICE_FAMILY = 1;
			};
			name = Debug;
		};
		FAC7A0E12CEC18ED008ECFDE /* Release */ = {
			isa = XCBuildConfiguration;
			baseConfigurationReference = B455259E57626F986E264F70 /* Pods-SleepSoundsApp.release.xcconfig */;
			buildSettings = {
				ASSETCATALOG_COMPILER_APPICON_NAME = AppIcon;
				ASSETCATALOG_COMPILER_GLOBAL_ACCENT_COLOR_NAME = AccentColor;
				CODE_SIGN_STYLE = Automatic;
				CURRENT_PROJECT_VERSION = 1;
				DEVELOPMENT_ASSET_PATHS = "\"SleepSoundsApp/Preview Content\"";
				ENABLE_PREVIEWS = YES;
				ENABLE_USER_SCRIPT_SANDBOXING = NO;
				GENERATE_INFOPLIST_FILE = YES;
				INFOPLIST_FILE = SleepSoundsApp/Info.plist;
				INFOPLIST_KEY_LSApplicationCategoryType = "";
				INFOPLIST_KEY_UIApplicationSceneManifest_Generation = YES;
				INFOPLIST_KEY_UIApplicationSupportsIndirectInputEvents = YES;
				INFOPLIST_KEY_UILaunchScreen_Generation = YES;
				INFOPLIST_KEY_UISupportedInterfaceOrientations_iPad = "UIInterfaceOrientationPortrait UIInterfaceOrientationPortraitUpsideDown UIInterfaceOrientationLandscapeLeft UIInterfaceOrientationLandscapeRight";
				INFOPLIST_KEY_UISupportedInterfaceOrientations_iPhone = "UIInterfaceOrientationPortrait UIInterfaceOrientationLandscapeLeft UIInterfaceOrientationLandscapeRight";
				IPHONEOS_DEPLOYMENT_TARGET = 15.0;
				LD_RUNPATH_SEARCH_PATHS = (
					"$(inherited)",
					"@executable_path/Frameworks",
				);
				MARKETING_VERSION = 1.0;
				PRODUCT_BUNDLE_IDENTIFIER = com.ronaldo123.SleepSoundsApp;
				PRODUCT_NAME = "$(TARGET_NAME)";
				SUPPORTED_PLATFORMS = "iphoneos iphonesimulator";
				SUPPORTS_MACCATALYST = NO;
				SUPPORTS_MAC_DESIGNED_FOR_IPHONE_IPAD = NO;
				SUPPORTS_XR_DESIGNED_FOR_IPHONE_IPAD = NO;
				SWIFT_EMIT_LOC_STRINGS = YES;
				SWIFT_VERSION = 5.0;
				TARGETED_DEVICE_FAMILY = 1;
			};
			name = Release;
		};
/* End XCBuildConfiguration section */

/* Begin XCConfigurationList section */
		FAC7A0CC2CEC18EC008ECFDE /* Build configuration list for PBXProject "SleepSoundsApp" */ = {
			isa = XCConfigurationList;
			buildConfigurations = (
				FAC7A0DD2CEC18ED008ECFDE /* Debug */,
				FAC7A0DE2CEC18ED008ECFDE /* Release */,
			);
			defaultConfigurationIsVisible = 0;
			defaultConfigurationName = Release;
		};
		FAC7A0DF2CEC18ED008ECFDE /* Build configuration list for PBXNativeTarget "SleepSoundsApp" */ = {
			isa = XCConfigurationList;
			buildConfigurations = (
				FAC7A0E02CEC18ED008ECFDE /* Debug */,
				FAC7A0E12CEC18ED008ECFDE /* Release */,
			);
			defaultConfigurationIsVisible = 0;
			defaultConfigurationName = Release;
		};
/* End XCConfigurationList section */
	};
	rootObject = FAC7A0C92CEC18EC008ECFDE /* Project object */;
}
